
Microsoft Visual Studio Solution File, Format Version 12.00
# Visual Studio Version 17
VisualStudioVersion = 17.13.35919.96 d17.13
MinimumVisualStudioVersion = 10.0.40219.1
Project("{FAE04EC0-301F-11D3-BF4B-00C04F79EFBC}") = "Main", "Main\Main.csproj", "{BFBE6317-AFD0-473E-8BFC-3CB9D2B5A857}"
EndProject
Global
	GlobalSection(SolutionConfigurationPlatforms) = preSolution
		Debug|Any CPU = Debug|Any CPU
		Release|Any CPU = Release|Any CPU
	EndGlobalSection
	GlobalSection(ProjectConfigurationPlatforms) = postSolution
		{BFBE6317-AFD0-473E-8BFC-3CB9D2B5A857}.Debug|Any CPU.ActiveCfg = Debug|Any CPU
		{BFBE6317-AFD0-473E-8BFC-3CB9D2B5A857}.Debug|Any CPU.Build.0 = Debug|Any CPU
		{BFBE6317-AFD0-473E-8BFC-3CB9D2B5A857}.Release|Any CPU.ActiveCfg = Release|Any CPU
		{BFBE6317-AFD0-473E-8BFC-3CB9D2B5A857}.Release|Any CPU.Build.0 = Release|Any CPU
	EndGlobalSection
	GlobalSection(SolutionProperties) = preSolution
		HideSolutionNode = FALSE
	EndGlobalSection
	GlobalSection(ExtensibilityGlobals) = postSolution
		SolutionGuid = {868D9C71-A1B0-4CD5-A142-284AFDAC3014}
	EndGlobalSection
EndGlobal
